
Microsoft Visual Studio Solution File, Format Version 12.00
# Visual Studio 14
VisualStudioVersion = 14.0.25420.1
MinimumVisualStudioVersion = 10.0.40219.1
Project("{FAE04EC0-301F-11D3-BF4B-00C04F79EFBC}") = "Ping Kiosk", "Ping Kiosk\Ping Kiosk.csproj", "{78B83DB8-C7CB-4D44-A78E-A36A5E8A0885}"
EndProject
Global
	GlobalSection(SolutionConfigurationPlatforms) = preSolution
		Debug|Any CPU = Debug|Any CPU
		Release|Any CPU = Release|Any CPU
	EndGlobalSection
	GlobalSection(ProjectConfigurationPlatforms) = postSolution
		{78B83DB8-C7CB-4D44-A78E-A36A5E8A0885}.Debug|Any CPU.ActiveCfg = Debug|Any CPU
		{78B83DB8-C7CB-4D44-A78E-A36A5E8A0885}.Debug|Any CPU.Build.0 = Debug|Any CPU
		{78B83DB8-C7CB-4D44-A78E-A36A5E8A0885}.Release|Any CPU.ActiveCfg = Release|Any CPU
		{78B83DB8-C7CB-4D44-A78E-A36A5E8A0885}.Release|Any CPU.Build.0 = Release|Any CPU
	EndGlobalSection
	GlobalSection(SolutionProperties) = preSolution
		HideSolutionNode = FALSE
	EndGlobalSection
EndGlobal
